github.com/pasataleo/go-colour v0.1.0 h1:opkRCqIc7fOmplO8gNbwmAZ/+dePv6HQMcNj7IAxH6I=
github.com/pasataleo/go-colour v0.1.0/go.mod h1:ICaTBjPeIGf5LB6RpKwGq9NIsUjgf7A/+w0SxWEmYhg=
github.com/pasataleo/go-errorsx v0.1.0 h1:BVEDt3fpaa3o4W7lNqm1Mn+SITL64lIQ0ewrDCRyGr4=
github.com/pasataleo/go-errorsx v0.1.0/go.mod h1:MN0UXEx7Jh3nE68dweYIOP13Qdo3wMNCDKLGTSnjc2Y=
